
Microsoft Visual Studio Solution File, Format Version 12.00
# Visual Studio Version 17
VisualStudioVersion = 17.9.34622.214
MinimumVisualStudioVersion = 10.0.40219.1
Project("{FAE04EC0-301F-11D3-BF4B-00C04F79EFBC}") = "AMS3ASales.API", "AMS3ASales.API\AMS3ASales.API.csproj", "{B2421506-2F18-48A4-AB5B-C8D5BD3460EF}"
EndProject
Global
	GlobalSection(SolutionConfigurationPlatforms) = preSolution
		Debug|Any CPU = Debug|Any CPU
		Release|Any CPU = Release|Any CPU
	EndGlobalSection
	GlobalSection(ProjectConfigurationPlatforms) = postSolution
		{B2421506-2F18-48A4-AB5B-C8D5BD3460EF}.Debug|Any CPU.ActiveCfg = Debug|Any CPU
		{B2421506-2F18-48A4-AB5B-C8D5BD3460EF}.Debug|Any CPU.Build.0 = Debug|Any CPU
		{B2421506-2F18-48A4-AB5B-C8D5BD3460EF}.Release|Any CPU.ActiveCfg = Release|Any CPU
		{B2421506-2F18-48A4-AB5B-C8D5BD3460EF}.Release|Any CPU.Build.0 = Release|Any CPU
	EndGlobalSection
	GlobalSection(SolutionProperties) = preSolution
		HideSolutionNode = FALSE
	EndGlobalSection
	GlobalSection(ExtensibilityGlobals) = postSolution
		SolutionGuid = {426003D2-5BDF-4C95-B250-F56BB4E8D27D}
	EndGlobalSection
EndGlobal
